
Microsoft Visual Studio Solution File, Format Version 12.00
# Visual Studio 14
VisualStudioVersion = 14.0.25420.1
MinimumVisualStudioVersion = 10.0.40219.1
Project("{FAE04EC0-301F-11D3-BF4B-00C04F79EFBC}") = "MyAzureApiAPP", "MyAzureApiAPP\MyAzureApiAPP.csproj", "{BADD5026-CACB-4F52-AECF-F4F783E51DFF}"
EndProject
Global
	GlobalSection(SolutionConfigurationPlatforms) = preSolution
		Debug|Any CPU = Debug|Any CPU
		Release|Any CPU = Release|Any CPU
	EndGlobalSection
	GlobalSection(ProjectConfigurationPlatforms) = postSolution
		{BADD5026-CACB-4F52-AECF-F4F783E51DFF}.Debug|Any CPU.ActiveCfg = Debug|Any CPU
		{BADD5026-CACB-4F52-AECF-F4F783E51DFF}.Debug|Any CPU.Build.0 = Debug|Any CPU
		{BADD5026-CACB-4F52-AECF-F4F783E51DFF}.Release|Any CPU.ActiveCfg = Release|Any CPU
		{BADD5026-CACB-4F52-AECF-F4F783E51DFF}.Release|Any CPU.Build.0 = Release|Any CPU
	EndGlobalSection
	GlobalSection(SolutionProperties) = preSolution
		HideSolutionNode = FALSE
	EndGlobalSection
EndGlobal
